{
  "nodes": {
    "disko": {
      "inputs": {
        "nixpkgs": [
          "nixpkgs"
        ]
      },
      "locked": {
        "lastModified": 1706491084,
        "narHash": "sha256-eaEv+orTmr2arXpoE4aFZQMVPOYXCBEbLgK22kOtkhs=",
        "owner": "nix-community",
        "repo": "disko",
        "rev": "f67ba6552845ea5d7f596a24d57c33a8a9dc8de9",
        "type": "github"
      },
      "original": {
        "owner": "nix-community",
        "repo": "disko",
        "type": "github"
      }
    },
    "home-manager": {
      "inputs": {
        "nixpkgs": [
          "nixpkgs"
        ]
      },
      "locked": {
        "lastModified": 1706955260,
        "narHash": "sha256-W3y0j77IDVbmbajudHoUr46RpswujUCl+D5Vru53UsI=",
        "owner": "nix-community",
        "repo": "home-manager",
        "rev": "880d9bc2110f7cae59698f715b8ca42cdc53670c",
        "type": "github"
      },
      "original": {
        "owner": "nix-community",
        "repo": "home-manager",
        "type": "github"
      }
    },
    "nixos-hardware": {
      "locked": {
        "lastModified": 1706834982,
        "narHash": "sha256-3CfxA7gZ+DVv/N9Pvw61bV5Oe/mWfxYPyVQGqp9TMJA=",
        "owner": "NixOS",
        "repo": "nixos-hardware",
        "rev": "83e571bb291161682b9c3ccd48318f115143a550",
        "type": "github"
      },
      "original": {
        "owner": "NixOS",
        "repo": "nixos-hardware",
        "type": "github"
      }
    },
    "nixpkgs": {
      "locked": {
        "lastModified": 1706925685,
        "narHash": "sha256-hVInjWMmgH4yZgA4ZtbgJM1qEAel72SYhP5nOWX4UIM=",
        "owner": "NixOS",
        "repo": "nixpkgs",
        "rev": "79a13f1437e149dc7be2d1290c74d378dad60814",
        "type": "github"
      },
      "original": {
        "owner": "NixOS",
        "ref": "nixpkgs-unstable",
        "repo": "nixpkgs",
        "type": "github"
      }
    },
    "root": {
      "inputs": {
        "disko": "disko",
        "home-manager": "home-manager",
        "nixos-hardware": "nixos-hardware",
        "nixpkgs": "nixpkgs"
      }
    }
  },
  "root": "root",
  "version": 7
}
